
Microsoft Visual Studio Solution File, Format Version 12.00
# Visual Studio Version 16
VisualStudioVersion = 16.0.31402.337
MinimumVisualStudioVersion = 10.0.40219.1
Project("{9A19103F-16F7-4668-BE54-9A1E7A4F7556}") = "BizagiWebClient", "BizagiWebClient.csproj", "{F2D6D6BD-497A-43BF-9084-95409E473F8D}"
	ProjectSection(ProjectDependencies) = postProject
		{9592E721-2F8E-4AEC-B056-4AFE84069E0E} = {9592E721-2F8E-4AEC-B056-4AFE84069E0E}
	EndProjectSection
EndProject
Project("{FAE04EC0-301F-11D3-BF4B-00C04F79EFBC}") = "BizagiWorkflow", "..\BizagiWorkflow\BizagiWorkflow.csproj", "{9592E721-2F8E-4AEC-B056-4AFE84069E0E}"
EndProject
Global
	GlobalSection(SolutionConfigurationPlatforms) = preSolution
		Debug|Any CPU = Debug|Any CPU
		Release|Any CPU = Release|Any CPU
	EndGlobalSection
	GlobalSection(ProjectConfigurationPlatforms) = postSolution
		{F2D6D6BD-497A-43BF-9084-95409E473F8D}.Debug|Any CPU.ActiveCfg = Debug|Any CPU
		{F2D6D6BD-497A-43BF-9084-95409E473F8D}.Debug|Any CPU.Build.0 = Debug|Any CPU
		{F2D6D6BD-497A-43BF-9084-95409E473F8D}.Release|Any CPU.ActiveCfg = Release|Any CPU
		{F2D6D6BD-497A-43BF-9084-95409E473F8D}.Release|Any CPU.Build.0 = Release|Any CPU
		{9592E721-2F8E-4AEC-B056-4AFE84069E0E}.Debug|Any CPU.ActiveCfg = Debug|Any CPU
		{9592E721-2F8E-4AEC-B056-4AFE84069E0E}.Debug|Any CPU.Build.0 = Debug|Any CPU
		{9592E721-2F8E-4AEC-B056-4AFE84069E0E}.Release|Any CPU.ActiveCfg = Release|Any CPU
		{9592E721-2F8E-4AEC-B056-4AFE84069E0E}.Release|Any CPU.Build.0 = Release|Any CPU
	EndGlobalSection
	GlobalSection(SolutionProperties) = preSolution
		HideSolutionNode = FALSE
	EndGlobalSection
	GlobalSection(ExtensibilityGlobals) = postSolution
		SolutionGuid = {071F20E7-F5AC-423A-8EBA-09371A7EB516}
	EndGlobalSection
EndGlobal
